
Microsoft Visual Studio Solution File, Format Version 12.00
# Visual Studio Version 17
VisualStudioVersion = 17.13.35931.197 d17.13
MinimumVisualStudioVersion = 10.0.40219.1
Project("{FAE04EC0-301F-11D3-BF4B-00C04F79EFBC}") = "BookStore", "BookStore.csproj", "{A5C5C678-9BBB-478E-8DD1-CA1E6DADDF78}"
EndProject
Global
	GlobalSection(SolutionConfigurationPlatforms) = preSolution
		Debug|Any CPU = Debug|Any CPU
		Release|Any CPU = Release|Any CPU
	EndGlobalSection
	GlobalSection(ProjectConfigurationPlatforms) = postSolution
		{A5C5C678-9BBB-478E-8DD1-CA1E6DADDF78}.Debug|Any CPU.ActiveCfg = Debug|Any CPU
		{A5C5C678-9BBB-478E-8DD1-CA1E6DADDF78}.Debug|Any CPU.Build.0 = Debug|Any CPU
		{A5C5C678-9BBB-478E-8DD1-CA1E6DADDF78}.Release|Any CPU.ActiveCfg = Release|Any CPU
		{A5C5C678-9BBB-478E-8DD1-CA1E6DADDF78}.Release|Any CPU.Build.0 = Release|Any CPU
	EndGlobalSection
	GlobalSection(SolutionProperties) = preSolution
		HideSolutionNode = FALSE
	EndGlobalSection
	GlobalSection(ExtensibilityGlobals) = postSolution
		SolutionGuid = {378E7B17-EB1B-4133-A7AD-B535F62876A7}
	EndGlobalSection
EndGlobal
